github.com/alecthomas/assert/v2 v2.11.0 h1:2Q9r3ki8+JYXvGsDyBXwH3LcJ+WK5D0gc5E8vS6K3D0=
github.com/alecthomas/assert/v2 v2.11.0/go.mod h1:Bze95FyfUr7x34QZrjL+XP+0qgp/zg8yS+TtBj1WA3k=
github.com/alecthomas/participle/v2 v2.1.4 h1:W/H79S8Sat/krZ3el6sQMvMaahJ+XcM9WSI2naI7w2U=
github.com/alecthomas/participle/v2 v2.1.4/go.mod h1:8tqVbpTX20Ru4NfYQgZf4mP18eXPTBViyMWiArNEgGI=
github.com/alecthomas/repr v0.4.0 h1:GhI2A8MACjfegCPVq9f1FLvIBS+DrQ2KQBFZP1iFzXc=
github.com/alecthomas/repr v0.4.0/go.mod h1:Fr0507jx4eOXV7AlPV6AVZLYrLIuIeSOWtW57eE/O/4=
github.com/coregx/ahocorasick v0.1.0 h1:CiCQwQ/Gu6pahlO3u4jrPo8q0Tb8pLknU7tzqiLRZcw=
github.com/coregx/ahocorasick v0.1.0/go.mod h1:SDcS9KTiwLP8FHNpYSO3Q3mRqrK8SYJAYpygrhcIils=
github.com/coregx/coregex v0.11.4 h1:e1KgY4erplSznW/NSIXC5s2aWtBjJZpB3JbySJ3mMyU=
github.com/coregx/coregex v0.11.4/go.mod h1:K+BrFVuOaFseP4gc4/d/GveYFe4JB95FHW3kNNJaTXg=
github.com/davecgh/go-spew v1.1.2-0.20180830191138-d8f796af33cc h1:U9qPSI2PIWSS1VwoXQT9A3Wy9MM3WgvqSxFWenqJduM=
github.com/davecgh/go-spew v1.1.2-0.20180830191138-d8f796af33cc/go.mod h1:J7Y8YcW2NihsgmVo/mv3lAwl/skON4iLHjSsI+c5H38=
github.com/hexops/gotextdiff v1.0.3 h1:gitA9+qJrrTCsiCl7+kh75nPqQt1cx4ZkudSTLoUqJM=
github.com/hexops/gotextdiff v1.0.3/go.mod h1:pSWU5MAI3yDq+fZBTazCSJysOMbxWL1BSow5/V2vxeg=
github.com/hillu/go-yara/v4 v4.3.4 h1:llJ9e0hQ1Cxyw5jH8O/a61qIBZCYCS45298MvYTf1fw=
github.com/hillu/go-yara/v4 v4.3.4/go.mod h1:/mb2HtBQf80I3JNL13tO5pt0w+3oR35EMc76OVjBYZU=
github.com/pgavlin/aho-corasick v0.5.1 h1:ujv4DzpWK8G+MhoPAKYAir7znMHtcRQLDVa0cwFRvHw=
github.com/pgavlin/aho-corasick v0.5.1/go.mod h1:UyKgVsAp5Un59BCpzrpFkPyETFMn1tGjdbRYvoq0l2g=
github.com/pmezard/go-difflib v1.0.1-0.20181226105442-5d4384ee4fb2 h1:Jamvg5psRIccs7FGNTlIRMkT8wgtp5eCXdBlqhYGL6U=
github.com/pmezard/go-difflib v1.0.1-0.20181226105442-5d4384ee4fb2/go.mod h1:iKH77koFhYxTK1pcRnkKkqfTogsbg7gZNVY4sRDYZ/4=
github.com/stretchr/testify v1.10.0 h1:Xv5erBjTwe/5IxqUQTdXv5kgmIvbHo3QQyRwhJsOfJA=
github.com/stretchr/testify v1.10.0/go.mod h1:r2ic/lqez/lEtzL7wO/rwa5dbSLXVDPFyf8C91i36aY=
github.com/tetratelabs/wazero v1.9.0 h1:IcZ56OuxrtaEz8UYNRHBrUa9bYeX9oVY93KspZZBf/I=
github.com/tetratelabs/wazero v1.9.0/go.mod h1:TSbcXCfFP0L2FGkRPxHphadXPjo1T6W+CseNNY7EkjM=
github.com/wasilibs/go-re2 v1.10.0 h1:vQZEBYZOCA9jdBMmrO4+CvqyCj0x4OomXTJ4a5/urQ0=
github.com/wasilibs/go-re2 v1.10.0/go.mod h1:k+5XqO2bCJS+QpGOnqugyfwC04nw0jaglmjrrkG8U6o=
github.com/wasilibs/wazero-helpers v0.0.0-20240620070341-3dff1577cd52 h1:OvLBa8SqJnZ6P+mjlzc2K7PM22rRUPE1x32G9DTPrC4=
github.com/wasilibs/wazero-helpers v0.0.0-20240620070341-3dff1577cd52/go.mod h1:jMeV4Vpbi8osrE/pKUxRZkVaA0EX7NZN0A9/oRzgpgY=
golang.org/x/sys v0.40.0 h1:DBZZqJ2Rkml6QMQsZywtnjnnGvHza6BTfYFWY9kjEWQ=
golang.org/x/sys v0.40.0/go.mod h1:OgkHotnGiDImocRcuBABYBEXf8A9a87e/uXjp9XT3ks=
gopkg.in/yaml.v3 v3.0.1 h1:fxVm/GzAzEWqLHuvctI91KS9hhNmmWOoWu0XTYJS7CA=
gopkg.in/yaml.v3 v3.0.1/go.mod h1:K4uyk7z7BCEPqu6E+C64Yfv1cQ7kz7rIZviUmN+EgEM=
